
Microsoft Visual Studio Solution File, Format Version 12.00
# Visual Studio Version 16
VisualStudioVersion = 16.0.29230.47
MinimumVisualStudioVersion = 10.0.40219.1
Project("{FAE04EC0-301F-11D3-BF4B-00C04F79EFBC}") = "WinTestApp", "WinTestApp\WinTestApp.csproj", "{CDF675D6-4D6E-48F0-AE3F-4CDEC8D391D3}"
EndProject
Project("{FAE04EC0-301F-11D3-BF4B-00C04F79EFBC}") = "AccountToReprocess", "AccountToReprocess\AccountToReprocess.csproj", "{8AF61977-1283-4DD1-8B7C-8B6BF120F843}"
EndProject
Project("{FAE04EC0-301F-11D3-BF4B-00C04F79EFBC}") = "WinInputBox", "WinInputBox\WinInputBox.csproj", "{BF640AC2-263A-41F0-9EAD-401F63A4B7E3}"
EndProject
Global
	GlobalSection(SolutionConfigurationPlatforms) = preSolution
		Debug|Any CPU = Debug|Any CPU
		Release|Any CPU = Release|Any CPU
	EndGlobalSection
	GlobalSection(ProjectConfigurationPlatforms) = postSolution
		{CDF675D6-4D6E-48F0-AE3F-4CDEC8D391D3}.Debug|Any CPU.ActiveCfg = Debug|Any CPU
		{CDF675D6-4D6E-48F0-AE3F-4CDEC8D391D3}.Debug|Any CPU.Build.0 = Debug|Any CPU
		{CDF675D6-4D6E-48F0-AE3F-4CDEC8D391D3}.Release|Any CPU.ActiveCfg = Release|Any CPU
		{CDF675D6-4D6E-48F0-AE3F-4CDEC8D391D3}.Release|Any CPU.Build.0 = Release|Any CPU
		{8AF61977-1283-4DD1-8B7C-8B6BF120F843}.Debug|Any CPU.ActiveCfg = Debug|Any CPU
		{8AF61977-1283-4DD1-8B7C-8B6BF120F843}.Debug|Any CPU.Build.0 = Debug|Any CPU
		{8AF61977-1283-4DD1-8B7C-8B6BF120F843}.Release|Any CPU.ActiveCfg = Release|Any CPU
		{8AF61977-1283-4DD1-8B7C-8B6BF120F843}.Release|Any CPU.Build.0 = Release|Any CPU
		{BF640AC2-263A-41F0-9EAD-401F63A4B7E3}.Debug|Any CPU.ActiveCfg = Debug|Any CPU
		{BF640AC2-263A-41F0-9EAD-401F63A4B7E3}.Debug|Any CPU.Build.0 = Debug|Any CPU
		{BF640AC2-263A-41F0-9EAD-401F63A4B7E3}.Release|Any CPU.ActiveCfg = Release|Any CPU
		{BF640AC2-263A-41F0-9EAD-401F63A4B7E3}.Release|Any CPU.Build.0 = Release|Any CPU
	EndGlobalSection
	GlobalSection(SolutionProperties) = preSolution
		HideSolutionNode = FALSE
	EndGlobalSection
	GlobalSection(ExtensibilityGlobals) = postSolution
		SolutionGuid = {BF18BCB5-7483-471F-9A77-AB2C3DB596F2}
	EndGlobalSection
EndGlobal
